
Microsoft Visual Studio Solution File, Format Version 12.00
# Visual Studio Version 16
VisualStudioVersion = 16.0.29709.97
MinimumVisualStudioVersion = 10.0.40219.1
Project("{9A19103F-16F7-4668-BE54-9A1E7A4F7556}") = "DesafioSoftPlan.TestesUnitarios", "DesafioSoftPlan.TestesUnitarios\DesafioSoftPlan.TestesUnitarios.csproj", "{59CA8E1E-88AA-4FD8-AA4D-05E11BF1B867}"
EndProject
Project("{FAE04EC0-301F-11D3-BF4B-00C04F79EFBC}") = "DesafioSoftPlan.Negocio", "DesafioSoftPlan.Negocio\DesafioSoftPlan.Negocio.csproj", "{9B044675-135A-40D7-9084-2A1ECF83239D}"
EndProject
Project("{FAE04EC0-301F-11D3-BF4B-00C04F79EFBC}") = "DesafioSoftPlan.Api", "DesafioSoftPlan.Api\DesafioSoftPlan.Api.csproj", "{6B8C8943-C2D6-4823-B2F3-8D5D48E4E27F}"
EndProject
Project("{FAE04EC0-301F-11D3-BF4B-00C04F79EFBC}") = "DesafioSoftPlan.TestesDeIntegracao", "DesafioSoftPlan.TestesDeIntegracao\DesafioSoftPlan.TestesDeIntegracao.csproj", "{F36F891E-9E02-45C4-B2DA-495F67BBFE04}"
EndProject
Global
	GlobalSection(SolutionConfigurationPlatforms) = preSolution
		Debug|Any CPU = Debug|Any CPU
		Release|Any CPU = Release|Any CPU
	EndGlobalSection
	GlobalSection(ProjectConfigurationPlatforms) = postSolution
		{59CA8E1E-88AA-4FD8-AA4D-05E11BF1B867}.Debug|Any CPU.ActiveCfg = Debug|Any CPU
		{59CA8E1E-88AA-4FD8-AA4D-05E11BF1B867}.Debug|Any CPU.Build.0 = Debug|Any CPU
		{59CA8E1E-88AA-4FD8-AA4D-05E11BF1B867}.Release|Any CPU.ActiveCfg = Release|Any CPU
		{59CA8E1E-88AA-4FD8-AA4D-05E11BF1B867}.Release|Any CPU.Build.0 = Release|Any CPU
		{9B044675-135A-40D7-9084-2A1ECF83239D}.Debug|Any CPU.ActiveCfg = Debug|Any CPU
		{9B044675-135A-40D7-9084-2A1ECF83239D}.Debug|Any CPU.Build.0 = Debug|Any CPU
		{9B044675-135A-40D7-9084-2A1ECF83239D}.Release|Any CPU.ActiveCfg = Release|Any CPU
		{9B044675-135A-40D7-9084-2A1ECF83239D}.Release|Any CPU.Build.0 = Release|Any CPU
		{6B8C8943-C2D6-4823-B2F3-8D5D48E4E27F}.Debug|Any CPU.ActiveCfg = Debug|Any CPU
		{6B8C8943-C2D6-4823-B2F3-8D5D48E4E27F}.Debug|Any CPU.Build.0 = Debug|Any CPU
		{6B8C8943-C2D6-4823-B2F3-8D5D48E4E27F}.Release|Any CPU.ActiveCfg = Release|Any CPU
		{6B8C8943-C2D6-4823-B2F3-8D5D48E4E27F}.Release|Any CPU.Build.0 = Release|Any CPU
		{F36F891E-9E02-45C4-B2DA-495F67BBFE04}.Debug|Any CPU.ActiveCfg = Debug|Any CPU
		{F36F891E-9E02-45C4-B2DA-495F67BBFE04}.Debug|Any CPU.Build.0 = Debug|Any CPU
		{F36F891E-9E02-45C4-B2DA-495F67BBFE04}.Release|Any CPU.ActiveCfg = Release|Any CPU
		{F36F891E-9E02-45C4-B2DA-495F67BBFE04}.Release|Any CPU.Build.0 = Release|Any CPU
	EndGlobalSection
	GlobalSection(SolutionProperties) = preSolution
		HideSolutionNode = FALSE
	EndGlobalSection
	GlobalSection(ExtensibilityGlobals) = postSolution
		SolutionGuid = {53DD46B6-BFBC-4CE7-9665-38F5BAA8E186}
	EndGlobalSection
EndGlobal
